Microsoft Visual Studio Solution File, Format Version 12.00
# Visual Studio Version 17
VisualStudioVersion = 17.0.31903.59
MinimumVisualStudioVersion = 10.0.40219.1
Project("{FAE04EC0-301F-11D3-BF4B-00C04F79EFBC}") = "AutoMerge.Core", "src/AutoMerge.Core/AutoMerge.Core.csproj", "{21D7CA99-A03C-4347-90FE-920251051410}"
EndProject
Project("{FAE04EC0-301F-11D3-BF4B-00C04F79EFBC}") = "AutoMerge.Logic", "src/AutoMerge.Logic/AutoMerge.Logic.csproj", "{B4B23F33-C911-4245-BCF7-2B4B46C86D0B}"
EndProject
Project("{FAE04EC0-301F-11D3-BF4B-00C04F79EFBC}") = "AutoMerge.Infrastructure", "src/AutoMerge.Infrastructure/AutoMerge.Infrastructure.csproj", "{6BBDD2B9-1EE8-4AA0-B78A-1C69DE3866DB}"
EndProject
Project("{FAE04EC0-301F-11D3-BF4B-00C04F79EFBC}") = "AutoMerge.UI", "src/AutoMerge.UI/AutoMerge.UI.csproj", "{AAD0B59A-EF8A-471A-923F-4BB73C6B3D49}"
EndProject
Project("{FAE04EC0-301F-11D3-BF4B-00C04F79EFBC}") = "AutoMerge.App", "src/AutoMerge.App/AutoMerge.App.csproj", "{793AAD73-1F22-4EE9-A834-AAD41C7C51A9}"
EndProject
Global
	GlobalSection(SolutionConfigurationPlatforms) = preSolution
		Debug|Any CPU = Debug|Any CPU
		Release|Any CPU = Release|Any CPU
	EndGlobalSection
	GlobalSection(ProjectConfigurationPlatforms) = postSolution
		{21D7CA99-A03C-4347-90FE-920251051410}.Debug|Any CPU.ActiveCfg = Debug|Any CPU
		{21D7CA99-A03C-4347-90FE-920251051410}.Debug|Any CPU.Build.0 = Debug|Any CPU
		{21D7CA99-A03C-4347-90FE-920251051410}.Release|Any CPU.ActiveCfg = Release|Any CPU
		{21D7CA99-A03C-4347-90FE-920251051410}.Release|Any CPU.Build.0 = Release|Any CPU
		{B4B23F33-C911-4245-BCF7-2B4B46C86D0B}.Debug|Any CPU.ActiveCfg = Debug|Any CPU
		{B4B23F33-C911-4245-BCF7-2B4B46C86D0B}.Debug|Any CPU.Build.0 = Debug|Any CPU
		{B4B23F33-C911-4245-BCF7-2B4B46C86D0B}.Release|Any CPU.ActiveCfg = Release|Any CPU
		{B4B23F33-C911-4245-BCF7-2B4B46C86D0B}.Release|Any CPU.Build.0 = Release|Any CPU
		{6BBDD2B9-1EE8-4AA0-B78A-1C69DE3866DB}.Debug|Any CPU.ActiveCfg = Debug|Any CPU
		{6BBDD2B9-1EE8-4AA0-B78A-1C69DE3866DB}.Debug|Any CPU.Build.0 = Debug|Any CPU
		{6BBDD2B9-1EE8-4AA0-B78A-1C69DE3866DB}.Release|Any CPU.ActiveCfg = Release|Any CPU
		{6BBDD2B9-1EE8-4AA0-B78A-1C69DE3866DB}.Release|Any CPU.Build.0 = Release|Any CPU
		{AAD0B59A-EF8A-471A-923F-4BB73C6B3D49}.Debug|Any CPU.ActiveCfg = Debug|Any CPU
		{AAD0B59A-EF8A-471A-923F-4BB73C6B3D49}.Debug|Any CPU.Build.0 = Debug|Any CPU
		{AAD0B59A-EF8A-471A-923F-4BB73C6B3D49}.Release|Any CPU.ActiveCfg = Release|Any CPU
		{AAD0B59A-EF8A-471A-923F-4BB73C6B3D49}.Release|Any CPU.Build.0 = Release|Any CPU
		{793AAD73-1F22-4EE9-A834-AAD41C7C51A9}.Debug|Any CPU.ActiveCfg = Debug|Any CPU
		{793AAD73-1F22-4EE9-A834-AAD41C7C51A9}.Debug|Any CPU.Build.0 = Debug|Any CPU
		{793AAD73-1F22-4EE9-A834-AAD41C7C51A9}.Release|Any CPU.ActiveCfg = Release|Any CPU
		{793AAD73-1F22-4EE9-A834-AAD41C7C51A9}.Release|Any CPU.Build.0 = Release|Any CPU
	EndGlobalSection
EndGlobal
